// !$*UTF8*$!
{
	archiveVersion = 1;
	classes = {
	};
	objectVersion = 46;
	objects = {

/* Begin PBXBuildFile section */
		7FCF8C5A15D7DDD60086B5BD /* UIKit.framework in Frameworks */ = {isa = PBXBuildFile; fileRef = 7FCF8C5915D7DDD60086B5BD /* UIKit.framework */; };
		7FCF8C5C15D7DDD60086B5BD /* Foundation.framework in Frameworks */ = {isa = PBXBuildFile; fileRef = 7FCF8C5B15D7DDD60086B5BD /* Foundation.framework */; };
		7FCF8C5E15D7DDD60086B5BD /* CoreGraphics.framework in Frameworks */ = {isa = PBXBuildFile; fileRef = 7FCF8C5D15D7DDD60086B5BD /* CoreGraphics.framework */; };
		7FCF8C6015D7DDD60086B5BD /* CoreData.framework in Frameworks */ = {isa = PBXBuildFile; fileRef = 7FCF8C5F15D7DDD60086B5BD /* CoreData.framework */; };
		7FCF8C6615D7DDD60086B5BD /* InfoPlist.strings in Resources */ = {isa = PBXBuildFile; fileRef = 7FCF8C6415D7DDD60086B5BD /* InfoPlist.strings */; };
		7FCF8C6815D7DDD60086B5BD /* main.m in Sources */ = {isa = PBXBuildFile; fileRef = 7FCF8C6715D7DDD60086B5BD /* main.m */; };
		7FCF8C6C15D7DDD60086B5BD /* RHAppDelegate.m in Sources */ = {isa = PBXBuildFile; fileRef = 7FCF8C6B15D7DDD60086B5BD /* RHAppDelegate.m */; };
		7FCF8C6F15D7DDD60086B5BD /* ReadHub.xcdatamodeld in Sources */ = {isa = PBXBuildFile; fileRef = 7FCF8C6D15D7DDD60086B5BD /* ReadHub.xcdatamodeld */; };
		7FCF8C7715D7DDD60086B5BD /* SenTestingKit.framework in Frameworks */ = {isa = PBXBuildFile; fileRef = 7FCF8C7615D7DDD60086B5BD /* SenTestingKit.framework */; };
		7FCF8C7815D7DDD60086B5BD /* UIKit.framework in Frameworks */ = {isa = PBXBuildFile; fileRef = 7FCF8C5915D7DDD60086B5BD /* UIKit.framework */; };
		7FCF8C7915D7DDD60086B5BD /* Foundation.framework in Frameworks */ = {isa = PBXBuildFile; fileRef = 7FCF8C5B15D7DDD60086B5BD /* Foundation.framework */; };
		7FCF8C7A15D7DDD60086B5BD /* CoreData.framework in Frameworks */ = {isa = PBXBuildFile; fileRef = 7FCF8C5F15D7DDD60086B5BD /* CoreData.framework */; };
		7FCF8C8215D7DDD60086B5BD /* InfoPlist.strings in Resources */ = {isa = PBXBuildFile; fileRef = 7FCF8C8015D7DDD60086B5BD /* InfoPlist.strings */; };
		7FCF8C8515D7DDD60086B5BD /* ReadHubTests.m in Sources */ = {isa = PBXBuildFile; fileRef = 7FCF8C8415D7DDD60086B5BD /* ReadHubTests.m */; };
		7FCF8CC115D7DEAD0086B5BD /* ISDataManager.m in Sources */ = {isa = PBXBuildFile; fileRef = 7FCF8C9215D7DEAD0086B5BD /* ISDataManager.m */; settings = {COMPILER_FLAGS = "-fno-objc-arc"; }; };
		7FCF8CC215D7DEAD0086B5BD /* ISDataManager.m in Sources */ = {isa = PBXBuildFile; fileRef = 7FCF8C9215D7DEAD0086B5BD /* ISDataManager.m */; };
		7FCF8CC715D7DEAD0086B5BD /* ISImageNetworkOperation.m in Sources */ = {isa = PBXBuildFile; fileRef = 7FCF8C9715D7DEAD0086B5BD /* ISImageNetworkOperation.m */; settings = {COMPILER_FLAGS = "-fno-objc-arc"; }; };
		7FCF8CC815D7DEAD0086B5BD /* ISImageNetworkOperation.m in Sources */ = {isa = PBXBuildFile; fileRef = 7FCF8C9715D7DEAD0086B5BD /* ISImageNetworkOperation.m */; };
		7FCF8CC915D7DEAD0086B5BD /* ISJSONNetworkOperation.m in Sources */ = {isa = PBXBuildFile; fileRef = 7FCF8C9915D7DEAD0086B5BD /* ISJSONNetworkOperation.m */; settings = {COMPILER_FLAGS = "-fno-objc-arc"; }; };
		7FCF8CCA15D7DEAD0086B5BD /* ISJSONNetworkOperation.m in Sources */ = {isa = PBXBuildFile; fileRef = 7FCF8C9915D7DEAD0086B5BD /* ISJSONNetworkOperation.m */; };
		7FCF8CCB15D7DEAD0086B5BD /* ISNetworkOperation.m in Sources */ = {isa = PBXBuildFile; fileRef = 7FCF8C9C15D7DEAD0086B5BD /* ISNetworkOperation.m */; settings = {COMPILER_FLAGS = "-fno-objc-arc"; }; };
		7FCF8CCC15D7DEAD0086B5BD /* ISNetworkOperation.m in Sources */ = {isa = PBXBuildFile; fileRef = 7FCF8C9C15D7DEAD0086B5BD /* ISNetworkOperation.m */; };
		7FCF8CD115D7DEAD0086B5BD /* NSDictionary+URLQuery.m in Sources */ = {isa = PBXBuildFile; fileRef = 7FCF8CA115D7DEAD0086B5BD /* NSDictionary+URLQuery.m */; settings = {COMPILER_FLAGS = "-fno-objc-arc"; }; };
		7FCF8CD215D7DEAD0086B5BD /* NSDictionary+URLQuery.m in Sources */ = {isa = PBXBuildFile; fileRef = 7FCF8CA115D7DEAD0086B5BD /* NSDictionary+URLQuery.m */; };
		7FCF8CE715D7DEAD0086B5BD /* SVProgressHUD.bundle in Resources */ = {isa = PBXBuildFile; fileRef = 7FCF8CB715D7DEAD0086B5BD /* SVProgressHUD.bundle */; };
		7FCF8CE815D7DEAD0086B5BD /* SVProgressHUD.bundle in Resources */ = {isa = PBXBuildFile; fileRef = 7FCF8CB715D7DEAD0086B5BD /* SVProgressHUD.bundle */; };
		7FCF8CE915D7DEAD0086B5BD /* SVProgressHUD.m in Sources */ = {isa = PBXBuildFile; fileRef = 7FCF8CB915D7DEAD0086B5BD /* SVProgressHUD.m */; };
		7FCF8CEA15D7DEAD0086B5BD /* SVProgressHUD.m in Sources */ = {isa = PBXBuildFile; fileRef = 7FCF8CB915D7DEAD0086B5BD /* SVProgressHUD.m */; };
		7FCF8CFA15D7E0500086B5BD /* RHGitHubAuthViewController.m in Sources */ = {isa = PBXBuildFile; fileRef = 7FCF8CF815D7E0500086B5BD /* RHGitHubAuthViewController.m */; };
		7FCF8CFB15D7E0500086B5BD /* RHGitHubAuthViewController.m in Sources */ = {isa = PBXBuildFile; fileRef = 7FCF8CF815D7E0500086B5BD /* RHGitHubAuthViewController.m */; };
		7FCF8CFC15D7E0500086B5BD /* RHGitHubAuthViewController.xib in Resources */ = {isa = PBXBuildFile; fileRef = 7FCF8CF915D7E0500086B5BD /* RHGitHubAuthViewController.xib */; };
		7FCF8CFD15D7E0500086B5BD /* RHGitHubAuthViewController.xib in Resources */ = {isa = PBXBuildFile; fileRef = 7FCF8CF915D7E0500086B5BD /* RHGitHubAuthViewController.xib */; };
		7FCF8D0515D7F3800086B5BD /* RHAccount.m in Sources */ = {isa = PBXBuildFile; fileRef = 7FCF8D0415D7F3800086B5BD /* RHAccount.m */; };
		7FCF8D0615D7F3800086B5BD /* RHAccount.m in Sources */ = {isa = PBXBuildFile; fileRef = 7FCF8D0415D7F3800086B5BD /* RHAccount.m */; };
/* End PBXBuildFile section */

/* Begin PBXContainerItemProxy section */
		7FCF8C7B15D7DDD60086B5BD /* PBXContainerItemProxy */ = {
			isa = PBXContainerItemProxy;
			containerPortal = 7FCF8C4C15D7DDD60086B5BD /* Project object */;
			proxyType = 1;
			remoteGlobalIDString = 7FCF8C5415D7DDD60086B5BD;
			remoteInfo = ReadHub;
		};
/* End PBXContainerItemProxy section */

/* Begin PBXFileReference section */
		7FCF8C5515D7DDD60086B5BD /* ReadHub.app */ = {isa = PBXFileReference; explicitFileType = wrapper.application; includeInIndex = 0; path = ReadHub.app; sourceTree = BUILT_PRODUCTS_DIR; };
		7FCF8C5915D7DDD60086B5BD /* UIKit.framework */ = {isa = PBXFileReference; lastKnownFileType = wrapper.framework; name = UIKit.framework; path = System/Library/Frameworks/UIKit.framework; sourceTree = SDKROOT; };
		7FCF8C5B15D7DDD60086B5BD /* Foundation.framework */ = {isa = PBXFileReference; lastKnownFileType = wrapper.framework; name = Foundation.framework; path = System/Library/Frameworks/Foundation.framework; sourceTree = SDKROOT; };
		7FCF8C5D15D7DDD60086B5BD /* CoreGraphics.framework */ = {isa = PBXFileReference; lastKnownFileType = wrapper.framework; name = CoreGraphics.framework; path = System/Library/Frameworks/CoreGraphics.framework; sourceTree = SDKROOT; };
		7FCF8C5F15D7DDD60086B5BD /* CoreData.framework */ = {isa = PBXFileReference; lastKnownFileType = wrapper.framework; name = CoreData.framework; path = System/Library/Frameworks/CoreData.framework; sourceTree = SDKROOT; };
		7FCF8C6315D7DDD60086B5BD /* ReadHub-Info.plist */ = {isa = PBXFileReference; lastKnownFileType = text.plist.xml; path = "ReadHub-Info.plist"; sourceTree = "<group>"; };
		7FCF8C6515D7DDD60086B5BD /* en */ = {isa = PBXFileReference; lastKnownFileType = text.plist.strings; name = en; path = en.lproj/InfoPlist.strings; sourceTree = "<group>"; };
		7FCF8C6715D7DDD60086B5BD /* main.m */ = {isa = PBXFileReference; lastKnownFileType = sourcecode.c.objc; path = main.m; sourceTree = "<group>"; };
		7FCF8C6915D7DDD60086B5BD /* ReadHub-Prefix.pch */ = {isa = PBXFileReference; lastKnownFileType = sourcecode.c.h; path = "ReadHub-Prefix.pch"; sourceTree = "<group>"; };
		7FCF8C6A15D7DDD60086B5BD /* RHAppDelegate.h */ = {isa = PBXFileReference; lastKnownFileType = sourcecode.c.h; path = RHAppDelegate.h; sourceTree = "<group>"; };
		7FCF8C6B15D7DDD60086B5BD /* RHAppDelegate.m */ = {isa = PBXFileReference; lastKnownFileType = sourcecode.c.objc; path = RHAppDelegate.m; sourceTree = "<group>"; };
		7FCF8C6E15D7DDD60086B5BD /* ReadHub.xcdatamodel */ = {isa = PBXFileReference; lastKnownFileType = wrapper.xcdatamodel; path = ReadHub.xcdatamodel; sourceTree = "<group>"; };
		7FCF8C7515D7DDD60086B5BD /* ReadHubTests.octest */ = {isa = PBXFileReference; explicitFileType = wrapper.cfbundle; includeInIndex = 0; path = ReadHubTests.octest; sourceTree = BUILT_PRODUCTS_DIR; };
		7FCF8C7615D7DDD60086B5BD /* SenTestingKit.framework */ = {isa = PBXFileReference; lastKnownFileType = wrapper.framework; name = SenTestingKit.framework; path = Library/Frameworks/SenTestingKit.framework; sourceTree = DEVELOPER_DIR; };
		7FCF8C7F15D7DDD60086B5BD /* ReadHubTests-Info.plist */ = {isa = PBXFileReference; lastKnownFileType = text.plist.xml; path = "ReadHubTests-Info.plist"; sourceTree = "<group>"; };
		7FCF8C8115D7DDD60086B5BD /* en */ = {isa = PBXFileReference; lastKnownFileType = text.plist.strings; name = en; path = en.lproj/InfoPlist.strings; sourceTree = "<group>"; };
		7FCF8C8315D7DDD60086B5BD /* ReadHubTests.h */ = {isa = PBXFileReference; lastKnownFileType = sourcecode.c.h; path = ReadHubTests.h; sourceTree = "<group>"; };
		7FCF8C8415D7DDD60086B5BD /* ReadHubTests.m */ = {isa = PBXFileReference; lastKnownFileType = sourcecode.c.objc; path = ReadHubTests.m; sourceTree = "<group>"; };
		7FCF8C9115D7DEAD0086B5BD /* ISDataManager.h */ = {isa = PBXFileReference; fileEncoding = 4; lastKnownFileType = sourcecode.c.h; path = ISDataManager.h; sourceTree = "<group>"; };
		7FCF8C9215D7DEAD0086B5BD /* ISDataManager.m */ = {isa = PBXFileReference; fileEncoding = 4; lastKnownFileType = sourcecode.c.objc; path = ISDataManager.m; sourceTree = "<group>"; };
		7FCF8C9615D7DEAD0086B5BD /* ISImageNetworkOperation.h */ = {isa = PBXFileReference; fileEncoding = 4; lastKnownFileType = sourcecode.c.h; path = ISImageNetworkOperation.h; sourceTree = "<group>"; };
		7FCF8C9715D7DEAD0086B5BD /* ISImageNetworkOperation.m */ = {isa = PBXFileReference; fileEncoding = 4; lastKnownFileType = sourcecode.c.objc; path = ISImageNetworkOperation.m; sourceTree = "<group>"; };
		7FCF8C9815D7DEAD0086B5BD /* ISJSONNetworkOperation.h */ = {isa = PBXFileReference; fileEncoding = 4; lastKnownFileType = sourcecode.c.h; path = ISJSONNetworkOperation.h; sourceTree = "<group>"; };
		7FCF8C9915D7DEAD0086B5BD /* ISJSONNetworkOperation.m */ = {isa = PBXFileReference; fileEncoding = 4; lastKnownFileType = sourcecode.c.objc; path = ISJSONNetworkOperation.m; sourceTree = "<group>"; };
		7FCF8C9A15D7DEAD0086B5BD /* ISNetwork.h */ = {isa = PBXFileReference; fileEncoding = 4; lastKnownFileType = sourcecode.c.h; path = ISNetwork.h; sourceTree = "<group>"; };
		7FCF8C9B15D7DEAD0086B5BD /* ISNetworkOperation.h */ = {isa = PBXFileReference; fileEncoding = 4; lastKnownFileType = sourcecode.c.h; path = ISNetworkOperation.h; sourceTree = "<group>"; };
		7FCF8C9C15D7DEAD0086B5BD /* ISNetworkOperation.m */ = {isa = PBXFileReference; fileEncoding = 4; lastKnownFileType = sourcecode.c.objc; path = ISNetworkOperation.m; sourceTree = "<group>"; };
		7FCF8CA015D7DEAD0086B5BD /* NSDictionary+URLQuery.h */ = {isa = PBXFileReference; fileEncoding = 4; lastKnownFileType = sourcecode.c.h; path = "NSDictionary+URLQuery.h"; sourceTree = "<group>"; };
		7FCF8CA115D7DEAD0086B5BD /* NSDictionary+URLQuery.m */ = {isa = PBXFileReference; fileEncoding = 4; lastKnownFileType = sourcecode.c.objc; path = "NSDictionary+URLQuery.m"; sourceTree = "<group>"; };
		7FCF8CB715D7DEAD0086B5BD /* SVProgressHUD.bundle */ = {isa = PBXFileReference; lastKnownFileType = "wrapper.plug-in"; path = SVProgressHUD.bundle; sourceTree = "<group>"; };
		7FCF8CB815D7DEAD0086B5BD /* SVProgressHUD.h */ = {isa = PBXFileReference; fileEncoding = 4; lastKnownFileType = sourcecode.c.h; path = SVProgressHUD.h; sourceTree = "<group>"; };
		7FCF8CB915D7DEAD0086B5BD /* SVProgressHUD.m */ = {isa = PBXFileReference; fileEncoding = 4; lastKnownFileType = sourcecode.c.objc; path = SVProgressHUD.m; sourceTree = "<group>"; };
		7FCF8CF715D7E04F0086B5BD /* RHGitHubAuthViewController.h */ = {isa = PBXFileReference; fileEncoding = 4; lastKnownFileType = sourcecode.c.h; path = RHGitHubAuthViewController.h; sourceTree = "<group>"; };
		7FCF8CF815D7E0500086B5BD /* RHGitHubAuthViewController.m */ = {isa = PBXFileReference; fileEncoding = 4; lastKnownFileType = sourcecode.c.objc; path = RHGitHubAuthViewController.m; sourceTree = "<group>"; };
		7FCF8CF915D7E0500086B5BD /* RHGitHubAuthViewController.xib */ = {isa = PBXFileReference; fileEncoding = 4; lastKnownFileType = file.xib; path = RHGitHubAuthViewController.xib; sourceTree = "<group>"; };
		7FCF8D0215D7EEC60086B5BD /* RHConstant.h */ = {isa = PBXFileReference; fileEncoding = 4; lastKnownFileType = sourcecode.c.h; path = RHConstant.h; sourceTree = "<group>"; };
		7FCF8D0315D7F3800086B5BD /* RHAccount.h */ = {isa = PBXFileReference; fileEncoding = 4; lastKnownFileType = sourcecode.c.h; path = RHAccount.h; sourceTree = "<group>"; };
		7FCF8D0415D7F3800086B5BD /* RHAccount.m */ = {isa = PBXFileReference; fileEncoding = 4; lastKnownFileType = sourcecode.c.objc; path = RHAccount.m; sourceTree = "<group>"; };
/* End PBXFileReference section */

/* Begin PBXFrameworksBuildPhase section */
		7FCF8C5215D7DDD60086B5BD /* Frameworks */ = {
			isa = PBXFrameworksBuildPhase;
			buildActionMask = 2147483647;
			files = (
				7FCF8C5A15D7DDD60086B5BD /* UIKit.framework in Frameworks */,
				7FCF8C5C15D7DDD60086B5BD /* Foundation.framework in Frameworks */,
				7FCF8C5E15D7DDD60086B5BD /* CoreGraphics.framework in Frameworks */,
				7FCF8C6015D7DDD60086B5BD /* CoreData.framework in Frameworks */,
			);
			runOnlyForDeploymentPostprocessing = 0;
		};
		7FCF8C7115D7DDD60086B5BD /* Frameworks */ = {
			isa = PBXFrameworksBuildPhase;
			buildActionMask = 2147483647;
			files = (
				7FCF8C7715D7DDD60086B5BD /* SenTestingKit.framework in Frameworks */,
				7FCF8C7815D7DDD60086B5BD /* UIKit.framework in Frameworks */,
				7FCF8C7915D7DDD60086B5BD /* Foundation.framework in Frameworks */,
				7FCF8C7A15D7DDD60086B5BD /* CoreData.framework in Frameworks */,
			);
			runOnlyForDeploymentPostprocessing = 0;
		};
/* End PBXFrameworksBuildPhase section */

/* Begin PBXGroup section */
		7FCF8C4A15D7DDD60086B5BD = {
			isa = PBXGroup;
			children = (
				7FCF8C6115D7DDD60086B5BD /* ReadHub */,
				7FCF8C7D15D7DDD60086B5BD /* ReadHubTests */,
				7FCF8C5815D7DDD60086B5BD /* Frameworks */,
				7FCF8C5615D7DDD60086B5BD /* Products */,
				7FCF8C8E15D7DEAD0086B5BD /* Libraries */,
			);
			sourceTree = "<group>";
		};
		7FCF8C5615D7DDD60086B5BD /* Products */ = {
			isa = PBXGroup;
			children = (
				7FCF8C5515D7DDD60086B5BD /* ReadHub.app */,
				7FCF8C7515D7DDD60086B5BD /* ReadHubTests.octest */,
			);
			name = Products;
			sourceTree = "<group>";
		};
		7FCF8C5815D7DDD60086B5BD /* Frameworks */ = {
			isa = PBXGroup;
			children = (
				7FCF8C5915D7DDD60086B5BD /* UIKit.framework */,
				7FCF8C5B15D7DDD60086B5BD /* Foundation.framework */,
				7FCF8C5D15D7DDD60086B5BD /* CoreGraphics.framework */,
				7FCF8C5F15D7DDD60086B5BD /* CoreData.framework */,
				7FCF8C7615D7DDD60086B5BD /* SenTestingKit.framework */,
			);
			name = Frameworks;
			sourceTree = "<group>";
		};
		7FCF8C6115D7DDD60086B5BD /* ReadHub */ = {
			isa = PBXGroup;
			children = (
				7FCF8C6A15D7DDD60086B5BD /* RHAppDelegate.h */,
				7FCF8C6B15D7DDD60086B5BD /* RHAppDelegate.m */,
				7FCF8D0215D7EEC60086B5BD /* RHConstant.h */,
				7FCF8CF715D7E04F0086B5BD /* RHGitHubAuthViewController.h */,
				7FCF8CF815D7E0500086B5BD /* RHGitHubAuthViewController.m */,
				7FCF8CF915D7E0500086B5BD /* RHGitHubAuthViewController.xib */,
				7FCF8D0315D7F3800086B5BD /* RHAccount.h */,
				7FCF8D0415D7F3800086B5BD /* RHAccount.m */,
				7FCF8C6D15D7DDD60086B5BD /* ReadHub.xcdatamodeld */,
				7FCF8C6215D7DDD60086B5BD /* Supporting Files */,
			);
			path = ReadHub;
			sourceTree = "<group>";
		};
		7FCF8C6215D7DDD60086B5BD /* Supporting Files */ = {
			isa = PBXGroup;
			children = (
				7FCF8C6315D7DDD60086B5BD /* ReadHub-Info.plist */,
				7FCF8C6415D7DDD60086B5BD /* InfoPlist.strings */,
				7FCF8C6715D7DDD60086B5BD /* main.m */,
				7FCF8C6915D7DDD60086B5BD /* ReadHub-Prefix.pch */,
			);
			name = "Supporting Files";
			sourceTree = "<group>";
		};
		7FCF8C7D15D7DDD60086B5BD /* ReadHubTests */ = {
			isa = PBXGroup;
			children = (
				7FCF8C8315D7DDD60086B5BD /* ReadHubTests.h */,
				7FCF8C8415D7DDD60086B5BD /* ReadHubTests.m */,
				7FCF8C7E15D7DDD60086B5BD /* Supporting Files */,
			);
			path = ReadHubTests;
			sourceTree = "<group>";
		};
		7FCF8C7E15D7DDD60086B5BD /* Supporting Files */ = {
			isa = PBXGroup;
			children = (
				7FCF8C7F15D7DDD60086B5BD /* ReadHubTests-Info.plist */,
				7FCF8C8015D7DDD60086B5BD /* InfoPlist.strings */,
			);
			name = "Supporting Files";
			sourceTree = "<group>";
		};
		7FCF8C8E15D7DEAD0086B5BD /* Libraries */ = {
			isa = PBXGroup;
			children = (
				7FCF8C8F15D7DEAD0086B5BD /* ISDataManager */,
				7FCF8C9415D7DEAD0086B5BD /* ISNetwork */,
				7FCF8C9E15D7DEAD0086B5BD /* NSDictionary-URLQuery */,
				7FCF8CA215D7DEAD0086B5BD /* SVProgressHUD */,
			);
			path = Libraries;
			sourceTree = "<group>";
		};
		7FCF8C8F15D7DEAD0086B5BD /* ISDataManager */ = {
			isa = PBXGroup;
			children = (
				7FCF8C9115D7DEAD0086B5BD /* ISDataManager.h */,
				7FCF8C9215D7DEAD0086B5BD /* ISDataManager.m */,
			);
			path = ISDataManager;
			sourceTree = "<group>";
		};
		7FCF8C9415D7DEAD0086B5BD /* ISNetwork */ = {
			isa = PBXGroup;
			children = (
				7FCF8C9615D7DEAD0086B5BD /* ISImageNetworkOperation.h */,
				7FCF8C9715D7DEAD0086B5BD /* ISImageNetworkOperation.m */,
				7FCF8C9815D7DEAD0086B5BD /* ISJSONNetworkOperation.h */,
				7FCF8C9915D7DEAD0086B5BD /* ISJSONNetworkOperation.m */,
				7FCF8C9A15D7DEAD0086B5BD /* ISNetwork.h */,
				7FCF8C9B15D7DEAD0086B5BD /* ISNetworkOperation.h */,
				7FCF8C9C15D7DEAD0086B5BD /* ISNetworkOperation.m */,
			);
			path = ISNetwork;
			sourceTree = "<group>";
		};
		7FCF8C9E15D7DEAD0086B5BD /* NSDictionary-URLQuery */ = {
			isa = PBXGroup;
			children = (
				7FCF8CA015D7DEAD0086B5BD /* NSDictionary+URLQuery.h */,
				7FCF8CA115D7DEAD0086B5BD /* NSDictionary+URLQuery.m */,
			);
			path = "NSDictionary-URLQuery";
			sourceTree = "<group>";
		};
		7FCF8CA215D7DEAD0086B5BD /* SVProgressHUD */ = {
			isa = PBXGroup;
			children = (
				7FCF8CB615D7DEAD0086B5BD /* SVProgressHUD */,
			);
			path = SVProgressHUD;
			sourceTree = "<group>";
		};
		7FCF8CB615D7DEAD0086B5BD /* SVProgressHUD */ = {
			isa = PBXGroup;
			children = (
				7FCF8CB715D7DEAD0086B5BD /* SVProgressHUD.bundle */,
				7FCF8CB815D7DEAD0086B5BD /* SVProgressHUD.h */,
				7FCF8CB915D7DEAD0086B5BD /* SVProgressHUD.m */,
			);
			path = SVProgressHUD;
			sourceTree = "<group>";
		};
/* End PBXGroup section */

/* Begin PBXNativeTarget section */
		7FCF8C5415D7DDD60086B5BD /* ReadHub */ = {
			isa = PBXNativeTarget;
			buildConfigurationList = 7FCF8C8815D7DDD60086B5BD /* Build configuration list for PBXNativeTarget "ReadHub" */;
			buildPhases = (
				7FCF8C5115D7DDD60086B5BD /* Sources */,
				7FCF8C5215D7DDD60086B5BD /* Frameworks */,
				7FCF8C5315D7DDD60086B5BD /* Resources */,
			);
			buildRules = (
			);
			dependencies = (
			);
			name = ReadHub;
			productName = ReadHub;
			productReference = 7FCF8C5515D7DDD60086B5BD /* ReadHub.app */;
			productType = "com.apple.product-type.application";
		};
		7FCF8C7415D7DDD60086B5BD /* ReadHubTests */ = {
			isa = PBXNativeTarget;
			buildConfigurationList = 7FCF8C8B15D7DDD60086B5BD /* Build configuration list for PBXNativeTarget "ReadHubTests" */;
			buildPhases = (
				7FCF8C7015D7DDD60086B5BD /* Sources */,
				7FCF8C7115D7DDD60086B5BD /* Frameworks */,
				7FCF8C7215D7DDD60086B5BD /* Resources */,
				7FCF8C7315D7DDD60086B5BD /* ShellScript */,
			);
			buildRules = (
			);
			dependencies = (
				7FCF8C7C15D7DDD60086B5BD /* PBXTargetDependency */,
			);
			name = ReadHubTests;
			productName = ReadHubTests;
			productReference = 7FCF8C7515D7DDD60086B5BD /* ReadHubTests.octest */;
			productType = "com.apple.product-type.bundle";
		};
/* End PBXNativeTarget section */

/* Begin PBXProject section */
		7FCF8C4C15D7DDD60086B5BD /* Project object */ = {
			isa = PBXProject;
			attributes = {
				CLASSPREFIX = RH;
				LastUpgradeCheck = 0440;
				ORGANIZATIONNAME = "Yosuke Ishikawa";
			};
			buildConfigurationList = 7FCF8C4F15D7DDD60086B5BD /* Build configuration list for PBXProject "ReadHub" */;
			compatibilityVersion = "Xcode 3.2";
			developmentRegion = English;
			hasScannedForEncodings = 0;
			knownRegions = (
				en,
			);
			mainGroup = 7FCF8C4A15D7DDD60086B5BD;
			productRefGroup = 7FCF8C5615D7DDD60086B5BD /* Products */;
			projectDirPath = "";
			projectRoot = "";
			targets = (
				7FCF8C5415D7DDD60086B5BD /* ReadHub */,
				7FCF8C7415D7DDD60086B5BD /* ReadHubTests */,
			);
		};
/* End PBXProject section */

/* Begin PBXResourcesBuildPhase section */
		7FCF8C5315D7DDD60086B5BD /* Resources */ = {
			isa = PBXResourcesBuildPhase;
			buildActionMask = 2147483647;
			files = (
				7FCF8C6615D7DDD60086B5BD /* InfoPlist.strings in Resources */,
				7FCF8CE715D7DEAD0086B5BD /* SVProgressHUD.bundle in Resources */,
				7FCF8CFC15D7E0500086B5BD /* RHGitHubAuthViewController.xib in Resources */,
			);
			runOnlyForDeploymentPostprocessing = 0;
		};
		7FCF8C7215D7DDD60086B5BD /* Resources */ = {
			isa = PBXResourcesBuildPhase;
			buildActionMask = 2147483647;
			files = (
				7FCF8C8215D7DDD60086B5BD /* InfoPlist.strings in Resources */,
				7FCF8CE815D7DEAD0086B5BD /* SVProgressHUD.bundle in Resources */,
				7FCF8CFD15D7E0500086B5BD /* RHGitHubAuthViewController.xib in Resources */,
			);
			runOnlyForDeploymentPostprocessing = 0;
		};
/* End PBXResourcesBuildPhase section */

/* Begin PBXShellScriptBuildPhase section */
		7FCF8C7315D7DDD60086B5BD /* ShellScript */ = {
			isa = PBXShellScriptBuildPhase;
			buildActionMask = 2147483647;
			files = (
			);
			inputPaths = (
			);
			outputPaths = (
			);
			runOnlyForDeploymentPostprocessing = 0;
			shellPath = /bin/sh;
			shellScript = "# Run the unit tests in this test bundle.\n\"${SYSTEM_DEVELOPER_DIR}/Tools/RunUnitTests\"\n";
		};
/* End PBXShellScriptBuildPhase section */

/* Begin PBXSourcesBuildPhase section */
		7FCF8C5115D7DDD60086B5BD /* Sources */ = {
			isa = PBXSourcesBuildPhase;
			buildActionMask = 2147483647;
			files = (
				7FCF8C6815D7DDD60086B5BD /* main.m in Sources */,
				7FCF8C6C15D7DDD60086B5BD /* RHAppDelegate.m in Sources */,
				7FCF8C6F15D7DDD60086B5BD /* ReadHub.xcdatamodeld in Sources */,
				7FCF8CC115D7DEAD0086B5BD /* ISDataManager.m in Sources */,
				7FCF8CC715D7DEAD0086B5BD /* ISImageNetworkOperation.m in Sources */,
				7FCF8CC915D7DEAD0086B5BD /* ISJSONNetworkOperation.m in Sources */,
				7FCF8CCB15D7DEAD0086B5BD /* ISNetworkOperation.m in Sources */,
				7FCF8CD115D7DEAD0086B5BD /* NSDictionary+URLQuery.m in Sources */,
				7FCF8CE915D7DEAD0086B5BD /* SVProgressHUD.m in Sources */,
				7FCF8CFA15D7E0500086B5BD /* RHGitHubAuthViewController.m in Sources */,
				7FCF8D0515D7F3800086B5BD /* RHAccount.m in Sources */,
			);
			runOnlyForDeploymentPostprocessing = 0;
		};
		7FCF8C7015D7DDD60086B5BD /* Sources */ = {
			isa = PBXSourcesBuildPhase;
			buildActionMask = 2147483647;
			files = (
				7FCF8C8515D7DDD60086B5BD /* ReadHubTests.m in Sources */,
				7FCF8CC215D7DEAD0086B5BD /* ISDataManager.m in Sources */,
				7FCF8CC815D7DEAD0086B5BD /* ISImageNetworkOperation.m in Sources */,
				7FCF8CCA15D7DEAD0086B5BD /* ISJSONNetworkOperation.m in Sources */,
				7FCF8CCC15D7DEAD0086B5BD /* ISNetworkOperation.m in Sources */,
				7FCF8CD215D7DEAD0086B5BD /* NSDictionary+URLQuery.m in Sources */,
				7FCF8CEA15D7DEAD0086B5BD /* SVProgressHUD.m in Sources */,
				7FCF8CFB15D7E0500086B5BD /* RHGitHubAuthViewController.m in Sources */,
				7FCF8D0615D7F3800086B5BD /* RHAccount.m in Sources */,
			);
			runOnlyForDeploymentPostprocessing = 0;
		};
/* End PBXSourcesBuildPhase section */

/* Begin PBXTargetDependency section */
		7FCF8C7C15D7DDD60086B5BD /* PBXTargetDependency */ = {
			isa = PBXTargetDependency;
			target = 7FCF8C5415D7DDD60086B5BD /* ReadHub */;
			targetProxy = 7FCF8C7B15D7DDD60086B5BD /* PBXContainerItemProxy */;
		};
/* End PBXTargetDependency section */

/* Begin PBXVariantGroup section */
		7FCF8C6415D7DDD60086B5BD /* InfoPlist.strings */ = {
			isa = PBXVariantGroup;
			children = (
				7FCF8C6515D7DDD60086B5BD /* en */,
			);
			name = InfoPlist.strings;
			sourceTree = "<group>";
		};
		7FCF8C8015D7DDD60086B5BD /* InfoPlist.strings */ = {
			isa = PBXVariantGroup;
			children = (
				7FCF8C8115D7DDD60086B5BD /* en */,
			);
			name = InfoPlist.strings;
			sourceTree = "<group>";
		};
/* End PBXVariantGroup section */

/* Begin XCBuildConfiguration section */
		7FCF8C8615D7DDD60086B5BD /* Debug */ = {
			isa = XCBuildConfiguration;
			buildSettings = {
				ALWAYS_SEARCH_USER_PATHS = NO;
				ARCHS = "$(ARCHS_STANDARD_32_BIT)";
				CLANG_CXX_LANGUAGE_STANDARD = "gnu++0x";
				CLANG_ENABLE_OBJC_ARC = YES;
				CLANG_WARN__DUPLICATE_METHOD_MATCH = YES;
				"CODE_SIGN_IDENTITY[sdk=iphoneos*]" = "iPhone Developer";
				COPY_PHASE_STRIP = NO;
				GCC_C_LANGUAGE_STANDARD = gnu99;
				GCC_DYNAMIC_NO_PIC = NO;
				GCC_OPTIMIZATION_LEVEL = 0;
				GCC_PREPROCESSOR_DEFINITIONS = (
					"DEBUG=1",
					"$(inherited)",
				);
				GCC_SYMBOLS_PRIVATE_EXTERN = NO;
				GCC_VERSION = com.apple.compilers.llvm.clang.1_0;
				GCC_WARN_ABOUT_RETURN_TYPE = YES;
				GCC_WARN_UNINITIALIZED_AUTOS = YES;
				GCC_WARN_UNUSED_VARIABLE = YES;
				IPHONEOS_DEPLOYMENT_TARGET = 5.1;
				SDKROOT = iphoneos;
				TARGETED_DEVICE_FAMILY = 2;
			};
			name = Debug;
		};
		7FCF8C8715D7DDD60086B5BD /* Release */ = {
			isa = XCBuildConfiguration;
			buildSettings = {
				ALWAYS_SEARCH_USER_PATHS = NO;
				ARCHS = "$(ARCHS_STANDARD_32_BIT)";
				CLANG_CXX_LANGUAGE_STANDARD = "gnu++0x";
				CLANG_ENABLE_OBJC_ARC = YES;
				CLANG_WARN__DUPLICATE_METHOD_MATCH = YES;
				"CODE_SIGN_IDENTITY[sdk=iphoneos*]" = "iPhone Developer";
				COPY_PHASE_STRIP = YES;
				GCC_C_LANGUAGE_STANDARD = gnu99;
				GCC_VERSION = com.apple.compilers.llvm.clang.1_0;
				GCC_WARN_ABOUT_RETURN_TYPE = YES;
				GCC_WARN_UNINITIALIZED_AUTOS = YES;
				GCC_WARN_UNUSED_VARIABLE = YES;
				IPHONEOS_DEPLOYMENT_TARGET = 5.1;
				OTHER_CFLAGS = "-DNS_BLOCK_ASSERTIONS=1";
				SDKROOT = iphoneos;
				TARGETED_DEVICE_FAMILY = 2;
				VALIDATE_PRODUCT = YES;
			};
			name = Release;
		};
		7FCF8C8915D7DDD60086B5BD /* Debug */ = {
			isa = XCBuildConfiguration;
			buildSettings = {
				GCC_PRECOMPILE_PREFIX_HEADER = YES;
				GCC_PREFIX_HEADER = "ReadHub/ReadHub-Prefix.pch";
				INFOPLIST_FILE = "ReadHub/ReadHub-Info.plist";
				PRODUCT_NAME = "$(TARGET_NAME)";
				WRAPPER_EXTENSION = app;
			};
			name = Debug;
		};
		7FCF8C8A15D7DDD60086B5BD /* Release */ = {
			isa = XCBuildConfiguration;
			buildSettings = {
				GCC_PRECOMPILE_PREFIX_HEADER = YES;
				GCC_PREFIX_HEADER = "ReadHub/ReadHub-Prefix.pch";
				INFOPLIST_FILE = "ReadHub/ReadHub-Info.plist";
				PRODUCT_NAME = "$(TARGET_NAME)";
				WRAPPER_EXTENSION = app;
			};
			name = Release;
		};
		7FCF8C8C15D7DDD60086B5BD /* Debug */ = {
			isa = XCBuildConfiguration;
			buildSettings = {
				BUNDLE_LOADER = "$(BUILT_PRODUCTS_DIR)/ReadHub.app/ReadHub";
				FRAMEWORK_SEARCH_PATHS = (
					"\"$(SDKROOT)/Developer/Library/Frameworks\"",
					"\"$(DEVELOPER_LIBRARY_DIR)/Frameworks\"",
				);
				GCC_PRECOMPILE_PREFIX_HEADER = YES;
				GCC_PREFIX_HEADER = "ReadHub/ReadHub-Prefix.pch";
				INFOPLIST_FILE = "ReadHubTests/ReadHubTests-Info.plist";
				PRODUCT_NAME = "$(TARGET_NAME)";
				TEST_HOST = "$(BUNDLE_LOADER)";
				WRAPPER_EXTENSION = octest;
			};
			name = Debug;
		};
		7FCF8C8D15D7DDD60086B5BD /* Release */ = {
			isa = XCBuildConfiguration;
			buildSettings = {
				BUNDLE_LOADER = "$(BUILT_PRODUCTS_DIR)/ReadHub.app/ReadHub";
				FRAMEWORK_SEARCH_PATHS = (
					"\"$(SDKROOT)/Developer/Library/Frameworks\"",
					"\"$(DEVELOPER_LIBRARY_DIR)/Frameworks\"",
				);
				GCC_PRECOMPILE_PREFIX_HEADER = YES;
				GCC_PREFIX_HEADER = "ReadHub/ReadHub-Prefix.pch";
				INFOPLIST_FILE = "ReadHubTests/ReadHubTests-Info.plist";
				PRODUCT_NAME = "$(TARGET_NAME)";
				TEST_HOST = "$(BUNDLE_LOADER)";
				WRAPPER_EXTENSION = octest;
			};
			name = Release;
		};
/* End XCBuildConfiguration section */

/* Begin XCConfigurationList section */
		7FCF8C4F15D7DDD60086B5BD /* Build configuration list for PBXProject "ReadHub" */ = {
			isa = XCConfigurationList;
			buildConfigurations = (
				7FCF8C8615D7DDD60086B5BD /* Debug */,
				7FCF8C8715D7DDD60086B5BD /* Release */,
			);
			defaultConfigurationIsVisible = 0;
			defaultConfigurationName = Release;
		};
		7FCF8C8815D7DDD60086B5BD /* Build configuration list for PBXNativeTarget "ReadHub" */ = {
			isa = XCConfigurationList;
			buildConfigurations = (
				7FCF8C8915D7DDD60086B5BD /* Debug */,
				7FCF8C8A15D7DDD60086B5BD /* Release */,
			);
			defaultConfigurationIsVisible = 0;
		};
		7FCF8C8B15D7DDD60086B5BD /* Build configuration list for PBXNativeTarget "ReadHubTests" */ = {
			isa = XCConfigurationList;
			buildConfigurations = (
				7FCF8C8C15D7DDD60086B5BD /* Debug */,
				7FCF8C8D15D7DDD60086B5BD /* Release */,
			);
			defaultConfigurationIsVisible = 0;
		};
/* End XCConfigurationList section */

/* Begin XCVersionGroup section */
		7FCF8C6D15D7DDD60086B5BD /* ReadHub.xcdatamodeld */ = {
			isa = XCVersionGroup;
			children = (
				7FCF8C6E15D7DDD60086B5BD /* ReadHub.xcdatamodel */,
			);
			currentVersion = 7FCF8C6E15D7DDD60086B5BD /* ReadHub.xcdatamodel */;
			path = ReadHub.xcdatamodeld;
			sourceTree = "<group>";
			versionGroupType = wrapper.xcdatamodel;
		};
/* End XCVersionGroup section */
	};
	rootObject = 7FCF8C4C15D7DDD60086B5BD /* Project object */;
}
